
Microsoft Visual Studio Solution File, Format Version 12.00
# Visual Studio 15
VisualStudioVersion = 15.0.28010.0
MinimumVisualStudioVersion = 10.0.40219.1
Project("{FAE04EC0-301F-11D3-BF4B-00C04F79EFBC}") = "TAArrayAndListsDrill", "TAArrayAndListsDrill\TAArrayAndListsDrill.csproj", "{19A97FE6-DC83-4261-82DA-ABBF4FC570C1}"
EndProject
Global
	GlobalSection(SolutionConfigurationPlatforms) = preSolution
		Debug|Any CPU = Debug|Any CPU
		Release|Any CPU = Release|Any CPU
	EndGlobalSection
	GlobalSection(ProjectConfigurationPlatforms) = postSolution
		{19A97FE6-DC83-4261-82DA-ABBF4FC570C1}.Debug|Any CPU.ActiveCfg = Debug|Any CPU
		{19A97FE6-DC83-4261-82DA-ABBF4FC570C1}.Debug|Any CPU.Build.0 = Debug|Any CPU
		{19A97FE6-DC83-4261-82DA-ABBF4FC570C1}.Release|Any CPU.ActiveCfg = Release|Any CPU
		{19A97FE6-DC83-4261-82DA-ABBF4FC570C1}.Release|Any CPU.Build.0 = Release|Any CPU
	EndGlobalSection
	GlobalSection(SolutionProperties) = preSolution
		HideSolutionNode = FALSE
	EndGlobalSection
	GlobalSection(ExtensibilityGlobals) = postSolution
		SolutionGuid = {7503C277-4279-4369-A1EF-B7E62A0CDB3A}
	EndGlobalSection
EndGlobal
